// !$*UTF8*$!
{
	archiveVersion = 1;
	classes = {
	};
	objectVersion = 56;
	objects = {

/* Begin PBXBuildFile section */
		6108B7A629EC1FE400914AAA /* Localizable.strings in Resources */ = {isa = PBXBuildFile; fileRef = 6108B7A829EC1FE400914AAA /* Localizable.strings */; };
		6108B7AB29EC29D900914AAA /* UnwrappedECoin.swift in Sources */ = {isa = PBXBuildFile; fileRef = 6108B7AA29EC29D900914AAA /* UnwrappedECoin.swift */; };
		6108B7B129ED453000914AAA /* CoinDetailsScreenView.swift in Sources */ = {isa = PBXBuildFile; fileRef = 6108B7B029ED453000914AAA /* CoinDetailsScreenView.swift */; };
		6108B7B329ED4C2700914AAA /* Double+Extensions.swift in Sources */ = {isa = PBXBuildFile; fileRef = 6108B7B229ED4C2700914AAA /* Double+Extensions.swift */; };
		6108B7B529ED57D400914AAA /* CoinDetailsScreenController.swift in Sources */ = {isa = PBXBuildFile; fileRef = 6108B7B429ED57D400914AAA /* CoinDetailsScreenController.swift */; };
		6108B7B729ED582500914AAA /* CoinDetailsScreenPresenter.swift in Sources */ = {isa = PBXBuildFile; fileRef = 6108B7B629ED582500914AAA /* CoinDetailsScreenPresenter.swift */; };
		610D8C8129EACE6A005C3C83 /* LoginScreenView.swift in Sources */ = {isa = PBXBuildFile; fileRef = 610D8C8029EACE6A005C3C83 /* LoginScreenView.swift */; };
		610D8C8329EAD388005C3C83 /* LoginScreenController.swift in Sources */ = {isa = PBXBuildFile; fileRef = 610D8C8229EAD388005C3C83 /* LoginScreenController.swift */; };
		610D8C8529EAD3BB005C3C83 /* LoginScreenPresenter.swift in Sources */ = {isa = PBXBuildFile; fileRef = 610D8C8429EAD3BB005C3C83 /* LoginScreenPresenter.swift */; };
		610D8C8929EAD70D005C3C83 /* unispace bold.ttf in Resources */ = {isa = PBXBuildFile; fileRef = 610D8C8729EAD70D005C3C83 /* unispace bold.ttf */; };
		610D8C8A29EAD70D005C3C83 /* unispace.ttf in Resources */ = {isa = PBXBuildFile; fileRef = 610D8C8829EAD70D005C3C83 /* unispace.ttf */; };
		610D8C8C29EAD76A005C3C83 /* UIFont+Extensions.swift in Sources */ = {isa = PBXBuildFile; fileRef = 610D8C8B29EAD76A005C3C83 /* UIFont+Extensions.swift */; };
		610D8C9229EBDA5A005C3C83 /* NavigationController.swift in Sources */ = {isa = PBXBuildFile; fileRef = 610D8C9129EBDA5A005C3C83 /* NavigationController.swift */; };
		610D8C9629EBE2B2005C3C83 /* UIImage+Extensions.swift in Sources */ = {isa = PBXBuildFile; fileRef = 610D8C9529EBE2B2005C3C83 /* UIImage+Extensions.swift */; };
		610D8C9829EBEE60005C3C83 /* SortingDirections.swift in Sources */ = {isa = PBXBuildFile; fileRef = 610D8C9729EBEE60005C3C83 /* SortingDirections.swift */; };
		610D8C9A29EBF31C005C3C83 /* UIApplication+Extensions.swift in Sources */ = {isa = PBXBuildFile; fileRef = 610D8C9929EBF31C005C3C83 /* UIApplication+Extensions.swift */; };
		610D8CA029EBF518005C3C83 /* CoinsListScreenView.swift in Sources */ = {isa = PBXBuildFile; fileRef = 610D8C9F29EBF518005C3C83 /* CoinsListScreenView.swift */; };
		610D8CA229EBF676005C3C83 /* CoinInfoCell.swift in Sources */ = {isa = PBXBuildFile; fileRef = 610D8CA129EBF676005C3C83 /* CoinInfoCell.swift */; };
		610D8CA529EBF9B3005C3C83 /* CoinsListScreenController.swift in Sources */ = {isa = PBXBuildFile; fileRef = 610D8CA429EBF9B3005C3C83 /* CoinsListScreenController.swift */; };
		610D8CA729EBFA2F005C3C83 /* CoinsScreenListPresenter.swift in Sources */ = {isa = PBXBuildFile; fileRef = 610D8CA629EBFA2F005C3C83 /* CoinsScreenListPresenter.swift */; };
		610D8CA929EBFE28005C3C83 /* ECoinsKeys.swift in Sources */ = {isa = PBXBuildFile; fileRef = 610D8CA829EBFE28005C3C83 /* ECoinsKeys.swift */; };
		610D8CAB29EC01CE005C3C83 /* ECoinModel.swift in Sources */ = {isa = PBXBuildFile; fileRef = 610D8CAA29EC01CE005C3C83 /* ECoinModel.swift */; };
		610D8CB429EC08FA005C3C83 /* NetworkClient.swift in Sources */ = {isa = PBXBuildFile; fileRef = 610D8CB229EC08FA005C3C83 /* NetworkClient.swift */; };
		610D8CB529EC08FA005C3C83 /* NetworkDataLoader+Link.swift in Sources */ = {isa = PBXBuildFile; fileRef = 610D8CB329EC08FA005C3C83 /* NetworkDataLoader+Link.swift */; };
		610D8CBD29EC15E8005C3C83 /* String+Extensions.swift in Sources */ = {isa = PBXBuildFile; fileRef = 610D8CBC29EC15E8005C3C83 /* String+Extensions.swift */; };
		6122F83829EABB9100E0EEA0 /* AppDelegate.swift in Sources */ = {isa = PBXBuildFile; fileRef = 6122F83729EABB9100E0EEA0 /* AppDelegate.swift */; };
		6122F83A29EABB9100E0EEA0 /* SceneDelegate.swift in Sources */ = {isa = PBXBuildFile; fileRef = 6122F83929EABB9100E0EEA0 /* SceneDelegate.swift */; };
		6122F84129EABB9300E0EEA0 /* Assets.xcassets in Resources */ = {isa = PBXBuildFile; fileRef = 6122F84029EABB9300E0EEA0 /* Assets.xcassets */; };
		6122F85429EABD8C00E0EEA0 /* SplashScreenController.swift in Sources */ = {isa = PBXBuildFile; fileRef = 6122F85229EABD8C00E0EEA0 /* SplashScreenController.swift */; };
		6122F85529EABD8C00E0EEA0 /* SplashScreenView.swift in Sources */ = {isa = PBXBuildFile; fileRef = 6122F85329EABD8C00E0EEA0 /* SplashScreenView.swift */; };
		6122F85A29EABEE200E0EEA0 /* UIColor+Extensions.swift in Sources */ = {isa = PBXBuildFile; fileRef = 6122F85929EABEE200E0EEA0 /* UIColor+Extensions.swift */; };
		6122F85C29EABF5800E0EEA0 /* UIView+Extensions.swift in Sources */ = {isa = PBXBuildFile; fileRef = 6122F85B29EABF5800E0EEA0 /* UIView+Extensions.swift */; };
		6122F85F29EABFE500E0EEA0 /* SplashScreenPresenter.swift in Sources */ = {isa = PBXBuildFile; fileRef = 6122F85E29EABFE500E0EEA0 /* SplashScreenPresenter.swift */; };
		6122F86129EAC03E00E0EEA0 /* UICreator.swift in Sources */ = {isa = PBXBuildFile; fileRef = 6122F86029EAC03E00E0EEA0 /* UICreator.swift */; };
		6122F86329EAC13D00E0EEA0 /* Constants.swift in Sources */ = {isa = PBXBuildFile; fileRef = 6122F86229EAC13D00E0EEA0 /* Constants.swift */; };
		6122F86529EAC35400E0EEA0 /* UserDefaultsManager.swift in Sources */ = {isa = PBXBuildFile; fileRef = 6122F86429EAC35400E0EEA0 /* UserDefaultsManager.swift */; };
/* End PBXBuildFile section */

/* Begin PBXFileReference section */
		6108B7A729EC1FE400914AAA /* en */ = {isa = PBXFileReference; lastKnownFileType = text.plist.strings; name = en; path = en.lproj/Localizable.strings; sourceTree = "<group>"; };
		6108B7A929EC200500914AAA /* ru */ = {isa = PBXFileReference; lastKnownFileType = text.plist.strings; name = ru; path = ru.lproj/Localizable.strings; sourceTree = "<group>"; };
		6108B7AA29EC29D900914AAA /* UnwrappedECoin.swift */ = {isa = PBXFileReference; lastKnownFileType = sourcecode.swift; path = UnwrappedECoin.swift; sourceTree = "<group>"; };
		6108B7B029ED453000914AAA /* CoinDetailsScreenView.swift */ = {isa = PBXFileReference; lastKnownFileType = sourcecode.swift; path = CoinDetailsScreenView.swift; sourceTree = "<group>"; };
		6108B7B229ED4C2700914AAA /* Double+Extensions.swift */ = {isa = PBXFileReference; lastKnownFileType = sourcecode.swift; path = "Double+Extensions.swift"; sourceTree = "<group>"; };
		6108B7B429ED57D400914AAA /* CoinDetailsScreenController.swift */ = {isa = PBXFileReference; lastKnownFileType = sourcecode.swift; path = CoinDetailsScreenController.swift; sourceTree = "<group>"; };
		6108B7B629ED582500914AAA /* CoinDetailsScreenPresenter.swift */ = {isa = PBXFileReference; lastKnownFileType = sourcecode.swift; path = CoinDetailsScreenPresenter.swift; sourceTree = "<group>"; };
		610D8C8029EACE6A005C3C83 /* LoginScreenView.swift */ = {isa = PBXFileReference; lastKnownFileType = sourcecode.swift; path = LoginScreenView.swift; sourceTree = "<group>"; };
		610D8C8229EAD388005C3C83 /* LoginScreenController.swift */ = {isa = PBXFileReference; lastKnownFileType = sourcecode.swift; path = LoginScreenController.swift; sourceTree = "<group>"; };
		610D8C8429EAD3BB005C3C83 /* LoginScreenPresenter.swift */ = {isa = PBXFileReference; lastKnownFileType = sourcecode.swift; path = LoginScreenPresenter.swift; sourceTree = "<group>"; };
		610D8C8729EAD70D005C3C83 /* unispace bold.ttf */ = {isa = PBXFileReference; lastKnownFileType = file; path = "unispace bold.ttf"; sourceTree = "<group>"; };
		610D8C8829EAD70D005C3C83 /* unispace.ttf */ = {isa = PBXFileReference; lastKnownFileType = file; path = unispace.ttf; sourceTree = "<group>"; };
		610D8C8B29EAD76A005C3C83 /* UIFont+Extensions.swift */ = {isa = PBXFileReference; fileEncoding = 4; lastKnownFileType = sourcecode.swift; path = "UIFont+Extensions.swift"; sourceTree = "<group>"; };
		610D8C9129EBDA5A005C3C83 /* NavigationController.swift */ = {isa = PBXFileReference; fileEncoding = 4; lastKnownFileType = sourcecode.swift; path = NavigationController.swift; sourceTree = "<group>"; };
		610D8C9529EBE2B2005C3C83 /* UIImage+Extensions.swift */ = {isa = PBXFileReference; lastKnownFileType = sourcecode.swift; path = "UIImage+Extensions.swift"; sourceTree = "<group>"; };
		610D8C9729EBEE60005C3C83 /* SortingDirections.swift */ = {isa = PBXFileReference; lastKnownFileType = sourcecode.swift; path = SortingDirections.swift; sourceTree = "<group>"; };
		610D8C9929EBF31C005C3C83 /* UIApplication+Extensions.swift */ = {isa = PBXFileReference; lastKnownFileType = sourcecode.swift; path = "UIApplication+Extensions.swift"; sourceTree = "<group>"; };
		610D8C9F29EBF518005C3C83 /* CoinsListScreenView.swift */ = {isa = PBXFileReference; lastKnownFileType = sourcecode.swift; path = CoinsListScreenView.swift; sourceTree = "<group>"; };
		610D8CA129EBF676005C3C83 /* CoinInfoCell.swift */ = {isa = PBXFileReference; lastKnownFileType = sourcecode.swift; path = CoinInfoCell.swift; sourceTree = "<group>"; };
		610D8CA429EBF9B3005C3C83 /* CoinsListScreenController.swift */ = {isa = PBXFileReference; lastKnownFileType = sourcecode.swift; path = CoinsListScreenController.swift; sourceTree = "<group>"; };
		610D8CA629EBFA2F005C3C83 /* CoinsScreenListPresenter.swift */ = {isa = PBXFileReference; lastKnownFileType = sourcecode.swift; path = CoinsScreenListPresenter.swift; sourceTree = "<group>"; };
		610D8CA829EBFE28005C3C83 /* ECoinsKeys.swift */ = {isa = PBXFileReference; lastKnownFileType = sourcecode.swift; path = ECoinsKeys.swift; sourceTree = "<group>"; };
		610D8CAA29EC01CE005C3C83 /* ECoinModel.swift */ = {isa = PBXFileReference; lastKnownFileType = sourcecode.swift; path = ECoinModel.swift; sourceTree = "<group>"; };
		610D8CB229EC08FA005C3C83 /* NetworkClient.swift */ = {isa = PBXFileReference; fileEncoding = 4; lastKnownFileType = sourcecode.swift; path = NetworkClient.swift; sourceTree = "<group>"; };
		610D8CB329EC08FA005C3C83 /* NetworkDataLoader+Link.swift */ = {isa = PBXFileReference; fileEncoding = 4; lastKnownFileType = sourcecode.swift; path = "NetworkDataLoader+Link.swift"; sourceTree = "<group>"; };
		610D8CBC29EC15E8005C3C83 /* String+Extensions.swift */ = {isa = PBXFileReference; lastKnownFileType = sourcecode.swift; path = "String+Extensions.swift"; sourceTree = "<group>"; };
		6122F83429EABB9100E0EEA0 /* iECoin.app */ = {isa = PBXFileReference; explicitFileType = wrapper.application; includeInIndex = 0; path = iECoin.app; sourceTree = BUILT_PRODUCTS_DIR; };
		6122F83729EABB9100E0EEA0 /* AppDelegate.swift */ = {isa = PBXFileReference; lastKnownFileType = sourcecode.swift; path = AppDelegate.swift; sourceTree = "<group>"; };
		6122F83929EABB9100E0EEA0 /* SceneDelegate.swift */ = {isa = PBXFileReference; lastKnownFileType = sourcecode.swift; path = SceneDelegate.swift; sourceTree = "<group>"; };
		6122F84029EABB9300E0EEA0 /* Assets.xcassets */ = {isa = PBXFileReference; lastKnownFileType = folder.assetcatalog; path = Assets.xcassets; sourceTree = "<group>"; };
		6122F84529EABB9300E0EEA0 /* Info.plist */ = {isa = PBXFileReference; lastKnownFileType = text.plist.xml; path = Info.plist; sourceTree = "<group>"; };
		6122F85229EABD8C00E0EEA0 /* SplashScreenController.swift */ = {isa = PBXFileReference; fileEncoding = 4; lastKnownFileType = sourcecode.swift; path = SplashScreenController.swift; sourceTree = "<group>"; };
		6122F85329EABD8C00E0EEA0 /* SplashScreenView.swift */ = {isa = PBXFileReference; fileEncoding = 4; lastKnownFileType = sourcecode.swift; path = SplashScreenView.swift; sourceTree = "<group>"; };
		6122F85929EABEE200E0EEA0 /* UIColor+Extensions.swift */ = {isa = PBXFileReference; fileEncoding = 4; lastKnownFileType = sourcecode.swift; path = "UIColor+Extensions.swift"; sourceTree = "<group>"; };
		6122F85B29EABF5800E0EEA0 /* UIView+Extensions.swift */ = {isa = PBXFileReference; fileEncoding = 4; lastKnownFileType = sourcecode.swift; path = "UIView+Extensions.swift"; sourceTree = "<group>"; };
		6122F85E29EABFE500E0EEA0 /* SplashScreenPresenter.swift */ = {isa = PBXFileReference; lastKnownFileType = sourcecode.swift; path = SplashScreenPresenter.swift; sourceTree = "<group>"; };
		6122F86029EAC03E00E0EEA0 /* UICreator.swift */ = {isa = PBXFileReference; fileEncoding = 4; lastKnownFileType = sourcecode.swift; path = UICreator.swift; sourceTree = "<group>"; };
		6122F86229EAC13D00E0EEA0 /* Constants.swift */ = {isa = PBXFileReference; fileEncoding = 4; lastKnownFileType = sourcecode.swift; path = Constants.swift; sourceTree = "<group>"; };
		6122F86429EAC35400E0EEA0 /* UserDefaultsManager.swift */ = {isa = PBXFileReference; fileEncoding = 4; lastKnownFileType = sourcecode.swift; path = UserDefaultsManager.swift; sourceTree = "<group>"; };
/* End PBXFileReference section */

/* Begin PBXFrameworksBuildPhase section */
		6122F83129EABB9100E0EEA0 /* Frameworks */ = {
			isa = PBXFrameworksBuildPhase;
			buildActionMask = 2147483647;
			files = (
			);
			runOnlyForDeploymentPostprocessing = 0;
		};
/* End PBXFrameworksBuildPhase section */

/* Begin PBXGroup section */
		6108B7AC29ED44F000914AAA /* CoinDetailsScreen */ = {
			isa = PBXGroup;
			children = (
				6108B7AF29ED450C00914AAA /* View */,
				6108B7AE29ED450500914AAA /* Controller */,
				6108B7AD29ED44FF00914AAA /* Presenter */,
			);
			path = CoinDetailsScreen;
			sourceTree = "<group>";
		};
		6108B7AD29ED44FF00914AAA /* Presenter */ = {
			isa = PBXGroup;
			children = (
				6108B7B629ED582500914AAA /* CoinDetailsScreenPresenter.swift */,
			);
			path = Presenter;
			sourceTree = "<group>";
		};
		6108B7AE29ED450500914AAA /* Controller */ = {
			isa = PBXGroup;
			children = (
				6108B7B429ED57D400914AAA /* CoinDetailsScreenController.swift */,
			);
			path = Controller;
			sourceTree = "<group>";
		};
		6108B7AF29ED450C00914AAA /* View */ = {
			isa = PBXGroup;
			children = (
				6108B7B029ED453000914AAA /* CoinDetailsScreenView.swift */,
			);
			path = View;
			sourceTree = "<group>";
		};
		610D8C7C29EACCE3005C3C83 /* LoginScreen */ = {
			isa = PBXGroup;
			children = (
				610D8C7F29EACD07005C3C83 /* View */,
				610D8C7E29EACD02005C3C83 /* Controller */,
				610D8C7D29EACCFC005C3C83 /* Presenter */,
			);
			path = LoginScreen;
			sourceTree = "<group>";
		};
		610D8C7D29EACCFC005C3C83 /* Presenter */ = {
			isa = PBXGroup;
			children = (
				610D8C8429EAD3BB005C3C83 /* LoginScreenPresenter.swift */,
			);
			path = Presenter;
			sourceTree = "<group>";
		};
		610D8C7E29EACD02005C3C83 /* Controller */ = {
			isa = PBXGroup;
			children = (
				610D8C8229EAD388005C3C83 /* LoginScreenController.swift */,
			);
			path = Controller;
			sourceTree = "<group>";
		};
		610D8C7F29EACD07005C3C83 /* View */ = {
			isa = PBXGroup;
			children = (
				610D8C8029EACE6A005C3C83 /* LoginScreenView.swift */,
			);
			path = View;
			sourceTree = "<group>";
		};
		610D8C8629EAD6C6005C3C83 /* Fonts */ = {
			isa = PBXGroup;
			children = (
				610D8C8729EAD70D005C3C83 /* unispace bold.ttf */,
				610D8C8829EAD70D005C3C83 /* unispace.ttf */,
			);
			path = Fonts;
			sourceTree = "<group>";
		};
		610D8C9B29EBF4A9005C3C83 /* CoinsListScreen */ = {
			isa = PBXGroup;
			children = (
				610D8C9E29EBF4C7005C3C83 /* View */,
				610D8C9D29EBF4C2005C3C83 /* Controller */,
				610D8C9C29EBF4BC005C3C83 /* Presenter */,
			);
			path = CoinsListScreen;
			sourceTree = "<group>";
		};
		610D8C9C29EBF4BC005C3C83 /* Presenter */ = {
			isa = PBXGroup;
			children = (
				610D8CA629EBFA2F005C3C83 /* CoinsScreenListPresenter.swift */,
			);
			path = Presenter;
			sourceTree = "<group>";
		};
		610D8C9D29EBF4C2005C3C83 /* Controller */ = {
			isa = PBXGroup;
			children = (
				610D8CA429EBF9B3005C3C83 /* CoinsListScreenController.swift */,
			);
			path = Controller;
			sourceTree = "<group>";
		};
		610D8C9E29EBF4C7005C3C83 /* View */ = {
			isa = PBXGroup;
			children = (
				610D8CA329EBF67A005C3C83 /* Cells */,
				610D8C9F29EBF518005C3C83 /* CoinsListScreenView.swift */,
			);
			path = View;
			sourceTree = "<group>";
		};
		610D8CA329EBF67A005C3C83 /* Cells */ = {
			isa = PBXGroup;
			children = (
				610D8CA129EBF676005C3C83 /* CoinInfoCell.swift */,
			);
			path = Cells;
			sourceTree = "<group>";
		};
		6122F82B29EABB9100E0EEA0 = {
			isa = PBXGroup;
			children = (
				6122F83629EABB9100E0EEA0 /* iECoin */,
				6122F83529EABB9100E0EEA0 /* Products */,
			);
			sourceTree = "<group>";
		};
		6122F83529EABB9100E0EEA0 /* Products */ = {
			isa = PBXGroup;
			children = (
				6122F83429EABB9100E0EEA0 /* iECoin.app */,
			);
			name = Products;
			sourceTree = "<group>";
		};
		6122F83629EABB9100E0EEA0 /* iECoin */ = {
			isa = PBXGroup;
			children = (
				6122F84B29EABBEC00E0EEA0 /* Model */,
				6122F85129EABD7700E0EEA0 /* SplashScreen */,
				610D8C7C29EACCE3005C3C83 /* LoginScreen */,
				610D8C9B29EBF4A9005C3C83 /* CoinsListScreen */,
				6108B7AC29ED44F000914AAA /* CoinDetailsScreen */,
				6122F84C29EABBF300E0EEA0 /* SupportingFiles */,
			);
			path = iECoin;
			sourceTree = "<group>";
		};
		6122F84B29EABBEC00E0EEA0 /* Model */ = {
			isa = PBXGroup;
			children = (
				6122F86229EAC13D00E0EEA0 /* Constants.swift */,
				6122F86429EAC35400E0EEA0 /* UserDefaultsManager.swift */,
				610D8C9729EBEE60005C3C83 /* SortingDirections.swift */,
				610D8CA829EBFE28005C3C83 /* ECoinsKeys.swift */,
				610D8CAA29EC01CE005C3C83 /* ECoinModel.swift */,
				6108B7AA29EC29D900914AAA /* UnwrappedECoin.swift */,
				610D8CB229EC08FA005C3C83 /* NetworkClient.swift */,
				610D8CB329EC08FA005C3C83 /* NetworkDataLoader+Link.swift */,
			);
			path = Model;
			sourceTree = "<group>";
		};
		6122F84C29EABBF300E0EEA0 /* SupportingFiles */ = {
			isa = PBXGroup;
			children = (
				6122F83729EABB9100E0EEA0 /* AppDelegate.swift */,
				6122F83929EABB9100E0EEA0 /* SceneDelegate.swift */,
				610D8C9129EBDA5A005C3C83 /* NavigationController.swift */,
				6122F84029EABB9300E0EEA0 /* Assets.xcassets */,
				6122F84529EABB9300E0EEA0 /* Info.plist */,
				610D8C8629EAD6C6005C3C83 /* Fonts */,
				6122F84D29EABC0000E0EEA0 /* Helpers */,
				6108B7A829EC1FE400914AAA /* Localizable.strings */,
			);
			path = SupportingFiles;
			sourceTree = "<group>";
		};
		6122F84D29EABC0000E0EEA0 /* Helpers */ = {
			isa = PBXGroup;
			children = (
				6122F86029EAC03E00E0EEA0 /* UICreator.swift */,
				6122F85929EABEE200E0EEA0 /* UIColor+Extensions.swift */,
				6122F85B29EABF5800E0EEA0 /* UIView+Extensions.swift */,
				610D8C8B29EAD76A005C3C83 /* UIFont+Extensions.swift */,
				610D8C9529EBE2B2005C3C83 /* UIImage+Extensions.swift */,
				610D8C9929EBF31C005C3C83 /* UIApplication+Extensions.swift */,
				610D8CBC29EC15E8005C3C83 /* String+Extensions.swift */,
				6108B7B229ED4C2700914AAA /* Double+Extensions.swift */,
			);
			path = Helpers;
			sourceTree = "<group>";
		};
		6122F85129EABD7700E0EEA0 /* SplashScreen */ = {
			isa = PBXGroup;
			children = (
				6122F85629EABDF600E0EEA0 /* View */,
				6122F85729EABDFD00E0EEA0 /* Controller */,
				6122F85829EABE0500E0EEA0 /* Presenter */,
			);
			path = SplashScreen;
			sourceTree = "<group>";
		};
		6122F85629EABDF600E0EEA0 /* View */ = {
			isa = PBXGroup;
			children = (
				6122F85329EABD8C00E0EEA0 /* SplashScreenView.swift */,
			);
			path = View;
			sourceTree = "<group>";
		};
		6122F85729EABDFD00E0EEA0 /* Controller */ = {
			isa = PBXGroup;
			children = (
				6122F85229EABD8C00E0EEA0 /* SplashScreenController.swift */,
			);
			path = Controller;
			sourceTree = "<group>";
		};
		6122F85829EABE0500E0EEA0 /* Presenter */ = {
			isa = PBXGroup;
			children = (
				6122F85E29EABFE500E0EEA0 /* SplashScreenPresenter.swift */,
			);
			path = Presenter;
			sourceTree = "<group>";
		};
/* End PBXGroup section */

/* Begin PBXNativeTarget section */
		6122F83329EABB9100E0EEA0 /* iECoin */ = {
			isa = PBXNativeTarget;
			buildConfigurationList = 6122F84829EABB9300E0EEA0 /* Build configuration list for PBXNativeTarget "iECoin" */;
			buildPhases = (
				6122F83029EABB9100E0EEA0 /* Sources */,
				6122F83129EABB9100E0EEA0 /* Frameworks */,
				6122F83229EABB9100E0EEA0 /* Resources */,
				6122F84E29EABCBF00E0EEA0 /* ShellScript */,
			);
			buildRules = (
			);
			dependencies = (
			);
			name = iECoin;
			productName = iECoin;
			productReference = 6122F83429EABB9100E0EEA0 /* iECoin.app */;
			productType = "com.apple.product-type.application";
		};
/* End PBXNativeTarget section */

/* Begin PBXProject section */
		6122F82C29EABB9100E0EEA0 /* Project object */ = {
			isa = PBXProject;
			attributes = {
				BuildIndependentTargetsInParallel = 1;
				LastSwiftUpdateCheck = 1430;
				LastUpgradeCheck = 1430;
				TargetAttributes = {
					6122F83329EABB9100E0EEA0 = {
						CreatedOnToolsVersion = 14.3;
					};
				};
			};
			buildConfigurationList = 6122F82F29EABB9100E0EEA0 /* Build configuration list for PBXProject "iECoin" */;
			compatibilityVersion = "Xcode 14.0";
			developmentRegion = en;
			hasScannedForEncodings = 0;
			knownRegions = (
				en,
				Base,
				ru,
			);
			mainGroup = 6122F82B29EABB9100E0EEA0;
			productRefGroup = 6122F83529EABB9100E0EEA0 /* Products */;
			projectDirPath = "";
			projectRoot = "";
			targets = (
				6122F83329EABB9100E0EEA0 /* iECoin */,
			);
		};
/* End PBXProject section */

/* Begin PBXResourcesBuildPhase section */
		6122F83229EABB9100E0EEA0 /* Resources */ = {
			isa = PBXResourcesBuildPhase;
			buildActionMask = 2147483647;
			files = (
				610D8C8929EAD70D005C3C83 /* unispace bold.ttf in Resources */,
				6108B7A629EC1FE400914AAA /* Localizable.strings in Resources */,
				6122F84129EABB9300E0EEA0 /* Assets.xcassets in Resources */,
				610D8C8A29EAD70D005C3C83 /* unispace.ttf in Resources */,
			);
			runOnlyForDeploymentPostprocessing = 0;
		};
/* End PBXResourcesBuildPhase section */

/* Begin PBXShellScriptBuildPhase section */
		6122F84E29EABCBF00E0EEA0 /* ShellScript */ = {
			isa = PBXShellScriptBuildPhase;
			alwaysOutOfDate = 1;
			buildActionMask = 2147483647;
			files = (
			);
			inputFileListPaths = (
			);
			inputPaths = (
			);
			outputFileListPaths = (
			);
			outputPaths = (
			);
			runOnlyForDeploymentPostprocessing = 0;
			shellPath = /bin/sh;
			shellScript = "if which swiftlint > /dev/null; then\n  swiftlint\nelse\n  echo \"warning: SwiftLint not installed, download from https://github.com/realm/SwiftLint\"\nfi\n";
		};
/* End PBXShellScriptBuildPhase section */

/* Begin PBXSourcesBuildPhase section */
		6122F83029EABB9100E0EEA0 /* Sources */ = {
			isa = PBXSourcesBuildPhase;
			buildActionMask = 2147483647;
			files = (
				610D8C9829EBEE60005C3C83 /* SortingDirections.swift in Sources */,
				610D8CA729EBFA2F005C3C83 /* CoinsScreenListPresenter.swift in Sources */,
				6122F86129EAC03E00E0EEA0 /* UICreator.swift in Sources */,
				610D8CA229EBF676005C3C83 /* CoinInfoCell.swift in Sources */,
				6108B7B729ED582500914AAA /* CoinDetailsScreenPresenter.swift in Sources */,
				610D8C9A29EBF31C005C3C83 /* UIApplication+Extensions.swift in Sources */,
				6108B7B129ED453000914AAA /* CoinDetailsScreenView.swift in Sources */,
				6122F85C29EABF5800E0EEA0 /* UIView+Extensions.swift in Sources */,
				610D8CA529EBF9B3005C3C83 /* CoinsListScreenController.swift in Sources */,
				610D8C8529EAD3BB005C3C83 /* LoginScreenPresenter.swift in Sources */,
				6122F85F29EABFE500E0EEA0 /* SplashScreenPresenter.swift in Sources */,
				6122F85429EABD8C00E0EEA0 /* SplashScreenController.swift in Sources */,
				6108B7B529ED57D400914AAA /* CoinDetailsScreenController.swift in Sources */,
				610D8CAB29EC01CE005C3C83 /* ECoinModel.swift in Sources */,
				6122F85A29EABEE200E0EEA0 /* UIColor+Extensions.swift in Sources */,
				610D8C8C29EAD76A005C3C83 /* UIFont+Extensions.swift in Sources */,
				610D8CBD29EC15E8005C3C83 /* String+Extensions.swift in Sources */,
				610D8CA929EBFE28005C3C83 /* ECoinsKeys.swift in Sources */,
				610D8C9229EBDA5A005C3C83 /* NavigationController.swift in Sources */,
				610D8CA029EBF518005C3C83 /* CoinsListScreenView.swift in Sources */,
				6122F85529EABD8C00E0EEA0 /* SplashScreenView.swift in Sources */,
				6122F86529EAC35400E0EEA0 /* UserDefaultsManager.swift in Sources */,
				610D8CB529EC08FA005C3C83 /* NetworkDataLoader+Link.swift in Sources */,
				6122F83829EABB9100E0EEA0 /* AppDelegate.swift in Sources */,
				6122F83A29EABB9100E0EEA0 /* SceneDelegate.swift in Sources */,
				610D8C8129EACE6A005C3C83 /* LoginScreenView.swift in Sources */,
				6108B7B329ED4C2700914AAA /* Double+Extensions.swift in Sources */,
				610D8CB429EC08FA005C3C83 /* NetworkClient.swift in Sources */,
				6122F86329EAC13D00E0EEA0 /* Constants.swift in Sources */,
				610D8C8329EAD388005C3C83 /* LoginScreenController.swift in Sources */,
				610D8C9629EBE2B2005C3C83 /* UIImage+Extensions.swift in Sources */,
				6108B7AB29EC29D900914AAA /* UnwrappedECoin.swift in Sources */,
			);
			runOnlyForDeploymentPostprocessing = 0;
		};
/* End PBXSourcesBuildPhase section */

/* Begin PBXVariantGroup section */
		6108B7A829EC1FE400914AAA /* Localizable.strings */ = {
			isa = PBXVariantGroup;
			children = (
				6108B7A729EC1FE400914AAA /* en */,
				6108B7A929EC200500914AAA /* ru */,
			);
			name = Localizable.strings;
			sourceTree = "<group>";
		};
/* End PBXVariantGroup section */

/* Begin XCBuildConfiguration section */
		6122F84629EABB9300E0EEA0 /* Debug */ = {
			isa = XCBuildConfiguration;
			buildSettings = {
				ALWAYS_SEARCH_USER_PATHS = NO;
				CLANG_ANALYZER_LOCALIZABILITY_NONLOCALIZED = YES;
				CLANG_ANALYZER_NONNULL = YES;
				CLANG_ANALYZER_NUMBER_OBJECT_CONVERSION = YES_AGGRESSIVE;
				CLANG_CXX_LANGUAGE_STANDARD = "gnu++20";
				CLANG_ENABLE_MODULES = YES;
				CLANG_ENABLE_OBJC_ARC = YES;
				CLANG_ENABLE_OBJC_WEAK = YES;
				CLANG_WARN_BLOCK_CAPTURE_AUTORELEASING = YES;
				CLANG_WARN_BOOL_CONVERSION = YES;
				CLANG_WARN_COMMA = YES;
				CLANG_WARN_CONSTANT_CONVERSION = YES;
				CLANG_WARN_DEPRECATED_OBJC_IMPLEMENTATIONS = YES;
				CLANG_WARN_DIRECT_OBJC_ISA_USAGE = YES_ERROR;
				CLANG_WARN_DOCUMENTATION_COMMENTS = YES;
				CLANG_WARN_EMPTY_BODY = YES;
				CLANG_WARN_ENUM_CONVERSION = YES;
				CLANG_WARN_INFINITE_RECURSION = YES;
				CLANG_WARN_INT_CONVERSION = YES;
				CLANG_WARN_NON_LITERAL_NULL_CONVERSION = YES;
				CLANG_WARN_OBJC_IMPLICIT_RETAIN_SELF = YES;
				CLANG_WARN_OBJC_LITERAL_CONVERSION = YES;
				CLANG_WARN_OBJC_ROOT_CLASS = YES_ERROR;
				CLANG_WARN_QUOTED_INCLUDE_IN_FRAMEWORK_HEADER = YES;
				CLANG_WARN_RANGE_LOOP_ANALYSIS = YES;
				CLANG_WARN_STRICT_PROTOTYPES = YES;
				CLANG_WARN_SUSPICIOUS_MOVE = YES;
				CLANG_WARN_UNGUARDED_AVAILABILITY = YES_AGGRESSIVE;
				CLANG_WARN_UNREACHABLE_CODE = YES;
				CLANG_WARN__DUPLICATE_METHOD_MATCH = YES;
				COPY_PHASE_STRIP = NO;
				DEBUG_INFORMATION_FORMAT = dwarf;
				ENABLE_STRICT_OBJC_MSGSEND = YES;
				ENABLE_TESTABILITY = YES;
				GCC_C_LANGUAGE_STANDARD = gnu11;
				GCC_DYNAMIC_NO_PIC = NO;
				GCC_NO_COMMON_BLOCKS = YES;
				GCC_OPTIMIZATION_LEVEL = 0;
				GCC_PREPROCESSOR_DEFINITIONS = (
					"DEBUG=1",
					"$(inherited)",
				);
				GCC_WARN_64_TO_32_BIT_CONVERSION = YES;
				GCC_WARN_ABOUT_RETURN_TYPE = YES_ERROR;
				GCC_WARN_UNDECLARED_SELECTOR = YES;
				GCC_WARN_UNINITIALIZED_AUTOS = YES_AGGRESSIVE;
				GCC_WARN_UNUSED_FUNCTION = YES;
				GCC_WARN_UNUSED_VARIABLE = YES;
				IPHONEOS_DEPLOYMENT_TARGET = 16.4;
				MTL_ENABLE_DEBUG_INFO = INCLUDE_SOURCE;
				MTL_FAST_MATH = YES;
				ONLY_ACTIVE_ARCH = YES;
				SDKROOT = iphoneos;
				SWIFT_ACTIVE_COMPILATION_CONDITIONS = DEBUG;
				SWIFT_OPTIMIZATION_LEVEL = "-Onone";
			};
			name = Debug;
		};
		6122F84729EABB9300E0EEA0 /* Release */ = {
			isa = XCBuildConfiguration;
			buildSettings = {
				ALWAYS_SEARCH_USER_PATHS = NO;
				CLANG_ANALYZER_LOCALIZABILITY_NONLOCALIZED = YES;
				CLANG_ANALYZER_NONNULL = YES;
				CLANG_ANALYZER_NUMBER_OBJECT_CONVERSION = YES_AGGRESSIVE;
				CLANG_CXX_LANGUAGE_STANDARD = "gnu++20";
				CLANG_ENABLE_MODULES = YES;
				CLANG_ENABLE_OBJC_ARC = YES;
				CLANG_ENABLE_OBJC_WEAK = YES;
				CLANG_WARN_BLOCK_CAPTURE_AUTORELEASING = YES;
				CLANG_WARN_BOOL_CONVERSION = YES;
				CLANG_WARN_COMMA = YES;
				CLANG_WARN_CONSTANT_CONVERSION = YES;
				CLANG_WARN_DEPRECATED_OBJC_IMPLEMENTATIONS = YES;
				CLANG_WARN_DIRECT_OBJC_ISA_USAGE = YES_ERROR;
				CLANG_WARN_DOCUMENTATION_COMMENTS = YES;
				CLANG_WARN_EMPTY_BODY = YES;
				CLANG_WARN_ENUM_CONVERSION = YES;
				CLANG_WARN_INFINITE_RECURSION = YES;
				CLANG_WARN_INT_CONVERSION = YES;
				CLANG_WARN_NON_LITERAL_NULL_CONVERSION = YES;
				CLANG_WARN_OBJC_IMPLICIT_RETAIN_SELF = YES;
				CLANG_WARN_OBJC_LITERAL_CONVERSION = YES;
				CLANG_WARN_OBJC_ROOT_CLASS = YES_ERROR;
				CLANG_WARN_QUOTED_INCLUDE_IN_FRAMEWORK_HEADER = YES;
				CLANG_WARN_RANGE_LOOP_ANALYSIS = YES;
				CLANG_WARN_STRICT_PROTOTYPES = YES;
				CLANG_WARN_SUSPICIOUS_MOVE = YES;
				CLANG_WARN_UNGUARDED_AVAILABILITY = YES_AGGRESSIVE;
				CLANG_WARN_UNREACHABLE_CODE = YES;
				CLANG_WARN__DUPLICATE_METHOD_MATCH = YES;
				COPY_PHASE_STRIP = NO;
				DEBUG_INFORMATION_FORMAT = "dwarf-with-dsym";
				ENABLE_NS_ASSERTIONS = NO;
				ENABLE_STRICT_OBJC_MSGSEND = YES;
				GCC_C_LANGUAGE_STANDARD = gnu11;
				GCC_NO_COMMON_BLOCKS = YES;
				GCC_WARN_64_TO_32_BIT_CONVERSION = YES;
				GCC_WARN_ABOUT_RETURN_TYPE = YES_ERROR;
				GCC_WARN_UNDECLARED_SELECTOR = YES;
				GCC_WARN_UNINITIALIZED_AUTOS = YES_AGGRESSIVE;
				GCC_WARN_UNUSED_FUNCTION = YES;
				GCC_WARN_UNUSED_VARIABLE = YES;
				IPHONEOS_DEPLOYMENT_TARGET = 16.4;
				MTL_ENABLE_DEBUG_INFO = NO;
				MTL_FAST_MATH = YES;
				SDKROOT = iphoneos;
				SWIFT_COMPILATION_MODE = wholemodule;
				SWIFT_OPTIMIZATION_LEVEL = "-O";
				VALIDATE_PRODUCT = YES;
			};
			name = Release;
		};
		6122F84929EABB9300E0EEA0 /* Debug */ = {
			isa = XCBuildConfiguration;
			buildSettings = {
				ASSETCATALOG_COMPILER_APPICON_NAME = AppIcon;
				ASSETCATALOG_COMPILER_GLOBAL_ACCENT_COLOR_NAME = AccentColor;
				CODE_SIGN_STYLE = Automatic;
				CURRENT_PROJECT_VERSION = 1;
				DEVELOPMENT_TEAM = 7WTLW784B9;
				GENERATE_INFOPLIST_FILE = YES;
				INFOPLIST_FILE = iECoin/SupportingFiles/Info.plist;
				INFOPLIST_KEY_UIApplicationSupportsIndirectInputEvents = YES;
				INFOPLIST_KEY_UILaunchStoryboardName = LaunchScreen;
				INFOPLIST_KEY_UIMainStoryboardFile = "";
				INFOPLIST_KEY_UISupportedInterfaceOrientations = UIInterfaceOrientationPortrait;
				INFOPLIST_KEY_UISupportedInterfaceOrientations_iPad = "UIInterfaceOrientationLandscapeLeft UIInterfaceOrientationLandscapeRight UIInterfaceOrientationPortrait UIInterfaceOrientationPortraitUpsideDown";
				IPHONEOS_DEPLOYMENT_TARGET = 15.0;
				LD_RUNPATH_SEARCH_PATHS = (
					"$(inherited)",
					"@executable_path/Frameworks",
				);
				MARKETING_VERSION = 1.0;
				PRODUCT_BUNDLE_IDENTIFIER = com.IlyaValito.iECoin;
				PRODUCT_NAME = "$(TARGET_NAME)";
				SUPPORTED_PLATFORMS = "iphoneos iphonesimulator";
				SUPPORTS_MACCATALYST = NO;
				SUPPORTS_MAC_DESIGNED_FOR_IPHONE_IPAD = NO;
				SWIFT_EMIT_LOC_STRINGS = YES;
				SWIFT_VERSION = 5.0;
				TARGETED_DEVICE_FAMILY = 1;
			};
			name = Debug;
		};
		6122F84A29EABB9300E0EEA0 /* Release */ = {
			isa = XCBuildConfiguration;
			buildSettings = {
				ASSETCATALOG_COMPILER_APPICON_NAME = AppIcon;
				ASSETCATALOG_COMPILER_GLOBAL_ACCENT_COLOR_NAME = AccentColor;
				CODE_SIGN_STYLE = Automatic;
				CURRENT_PROJECT_VERSION = 1;
				DEVELOPMENT_TEAM = 7WTLW784B9;
				GENERATE_INFOPLIST_FILE = YES;
				INFOPLIST_FILE = iECoin/SupportingFiles/Info.plist;
				INFOPLIST_KEY_UIApplicationSupportsIndirectInputEvents = YES;
				INFOPLIST_KEY_UILaunchStoryboardName = LaunchScreen;
				INFOPLIST_KEY_UIMainStoryboardFile = "";
				INFOPLIST_KEY_UISupportedInterfaceOrientations = UIInterfaceOrientationPortrait;
				INFOPLIST_KEY_UISupportedInterfaceOrientations_iPad = "UIInterfaceOrientationLandscapeLeft UIInterfaceOrientationLandscapeRight UIInterfaceOrientationPortrait UIInterfaceOrientationPortraitUpsideDown";
				IPHONEOS_DEPLOYMENT_TARGET = 15.0;
				LD_RUNPATH_SEARCH_PATHS = (
					"$(inherited)",
					"@executable_path/Frameworks",
				);
				MARKETING_VERSION = 1.0;
				PRODUCT_BUNDLE_IDENTIFIER = com.IlyaValito.iECoin;
				PRODUCT_NAME = "$(TARGET_NAME)";
				SUPPORTED_PLATFORMS = "iphoneos iphonesimulator";
				SUPPORTS_MACCATALYST = NO;
				SUPPORTS_MAC_DESIGNED_FOR_IPHONE_IPAD = NO;
				SWIFT_EMIT_LOC_STRINGS = YES;
				SWIFT_VERSION = 5.0;
				TARGETED_DEVICE_FAMILY = 1;
			};
			name = Release;
		};
/* End XCBuildConfiguration section */

/* Begin XCConfigurationList section */
		6122F82F29EABB9100E0EEA0 /* Build configuration list for PBXProject "iECoin" */ = {
			isa = XCConfigurationList;
			buildConfigurations = (
				6122F84629EABB9300E0EEA0 /* Debug */,
				6122F84729EABB9300E0EEA0 /* Release */,
			);
			defaultConfigurationIsVisible = 0;
			defaultConfigurationName = Release;
		};
		6122F84829EABB9300E0EEA0 /* Build configuration list for PBXNativeTarget "iECoin" */ = {
			isa = XCConfigurationList;
			buildConfigurations = (
				6122F84929EABB9300E0EEA0 /* Debug */,
				6122F84A29EABB9300E0EEA0 /* Release */,
			);
			defaultConfigurationIsVisible = 0;
			defaultConfigurationName = Release;
		};
/* End XCConfigurationList section */
	};
	rootObject = 6122F82C29EABB9100E0EEA0 /* Project object */;
}
